github.com/PaulSonOfLars/gotgbot/v2 v2.0.0-rc.31 h1:SIkzqC6Nv+znY4NGbWlJceWdns8QVmf9cwAYXd7Cg8k=
github.com/PaulSonOfLars/gotgbot/v2 v2.0.0-rc.31/go.mod h1:kL1v4iIjlalwm3gCYGvF4NLa3hs+aKEfRkNJvj4aoDU=
github.com/celestix/telegraph-go/v2 v2.0.4 h1:w8HWymJFhMSMPjdGoyTh3/NqE3eXAT1njTvelh0338k=
github.com/celestix/telegraph-go/v2 v2.0.4/go.mod h1:vu2LtqM7MgOAJ2LDF8XK27DWdd1QYLBfZGhalEh086Y=
github.com/joho/godotenv v1.5.1 h1:7eLL/+HRGLY0ldzfGMeQkb7vMd0as4CfYvUVzLqw0N0=
github.com/joho/godotenv v1.5.1/go.mod h1:f4LDr5Voq0i2e/R5DDNOoa2zzDfwtkZa6DnEwAbqwq4=
golang.org/x/net v0.0.0-20210813160813-60bc85c4be6d h1:LO7XpTYMwTqxjLcGWPijK3vRXg1aWdlNOVOHRq45d7c=
golang.org/x/net v0.0.0-20210813160813-60bc85c4be6d/go.mod h1:9nx3DQGgdP8bBQD5qxJ1jj9UTztislL4KSBs9R2vV5Y=
